
Microsoft Visual Studio Solution File, Format Version 12.00
Project("{FAE04EC0-301F-11D3-BF4B-00C04F79EFBC}") = "TailMeal", "TailMeal\TailMeal.csproj", "{DF1FEB32-1465-44E3-A96C-431C4276172A}"
EndProject
Global
	GlobalSection(SolutionConfigurationPlatforms) = preSolution
		Debug|Any CPU = Debug|Any CPU
		Release|Any CPU = Release|Any CPU
	EndGlobalSection
	GlobalSection(ProjectConfigurationPlatforms) = postSolution
		{DF1FEB32-1465-44E3-A96C-431C4276172A}.Debug|Any CPU.ActiveCfg = Debug|Any CPU
		{DF1FEB32-1465-44E3-A96C-431C4276172A}.Debug|Any CPU.Build.0 = Debug|Any CPU
		{DF1FEB32-1465-44E3-A96C-431C4276172A}.Release|Any CPU.ActiveCfg = Release|Any CPU
		{DF1FEB32-1465-44E3-A96C-431C4276172A}.Release|Any CPU.Build.0 = Release|Any CPU
	EndGlobalSection
EndGlobal
